
Microsoft Visual Studio Solution File, Format Version 12.00
# Visual Studio Version 17
VisualStudioVersion = 17.8.34322.80
MinimumVisualStudioVersion = 10.0.40219.1
Project("{FAE04EC0-301F-11D3-BF4B-00C04F79EFBC}") = "SyncfusionBlazorApp1", "SyncfusionBlazorApp1\SyncfusionBlazorApp1.csproj", "{89EDA1EA-BAA1-4FEF-AE76-DEC57768996D}"
EndProject
Project("{9A19103F-16F7-4668-BE54-9A1E7A4F7556}") = "bluelotus.syncfpro", "..\bluelotus.syncfpro\bluelotus.syncfpro.csproj", "{20F8FF36-C706-4BCF-A491-668E118F9782}"
EndProject
Project("{FAE04EC0-301F-11D3-BF4B-00C04F79EFBC}") = "bluelotus.syncfwasm", "..\bluelotus.syncfwasm\bluelotus.syncfwasm.csproj", "{98251F3B-A152-43AC-83F3-7F06A5A73CB1}"
EndProject
Global
	GlobalSection(SolutionConfigurationPlatforms) = preSolution
		Debug|Any CPU = Debug|Any CPU
		Release|Any CPU = Release|Any CPU
	EndGlobalSection
	GlobalSection(ProjectConfigurationPlatforms) = postSolution
		{89EDA1EA-BAA1-4FEF-AE76-DEC57768996D}.Debug|Any CPU.ActiveCfg = Debug|Any CPU
		{89EDA1EA-BAA1-4FEF-AE76-DEC57768996D}.Debug|Any CPU.Build.0 = Debug|Any CPU
		{89EDA1EA-BAA1-4FEF-AE76-DEC57768996D}.Release|Any CPU.ActiveCfg = Release|Any CPU
		{89EDA1EA-BAA1-4FEF-AE76-DEC57768996D}.Release|Any CPU.Build.0 = Release|Any CPU
		{20F8FF36-C706-4BCF-A491-668E118F9782}.Debug|Any CPU.ActiveCfg = Debug|Any CPU
		{20F8FF36-C706-4BCF-A491-668E118F9782}.Debug|Any CPU.Build.0 = Debug|Any CPU
		{20F8FF36-C706-4BCF-A491-668E118F9782}.Debug|Any CPU.Deploy.0 = Debug|Any CPU
		{20F8FF36-C706-4BCF-A491-668E118F9782}.Release|Any CPU.ActiveCfg = Release|Any CPU
		{20F8FF36-C706-4BCF-A491-668E118F9782}.Release|Any CPU.Build.0 = Release|Any CPU
		{20F8FF36-C706-4BCF-A491-668E118F9782}.Release|Any CPU.Deploy.0 = Release|Any CPU
		{98251F3B-A152-43AC-83F3-7F06A5A73CB1}.Debug|Any CPU.ActiveCfg = Debug|Any CPU
		{98251F3B-A152-43AC-83F3-7F06A5A73CB1}.Debug|Any CPU.Build.0 = Debug|Any CPU
		{98251F3B-A152-43AC-83F3-7F06A5A73CB1}.Release|Any CPU.ActiveCfg = Release|Any CPU
		{98251F3B-A152-43AC-83F3-7F06A5A73CB1}.Release|Any CPU.Build.0 = Release|Any CPU
	EndGlobalSection
	GlobalSection(SolutionProperties) = preSolution
		HideSolutionNode = FALSE
	EndGlobalSection
	GlobalSection(ExtensibilityGlobals) = postSolution
		SolutionGuid = {18D74B50-199E-435F-A1AA-731B34A6BE4C}
	EndGlobalSection
EndGlobal
